<?xml version="1.0" encoding="UTF-8" standalone="yes" ?>
<CodeBlocks_project_file>
	<FileVersion major="1" minor="6" />
	<Project>
		<Option title="T200Apps" />
		<Option pch_mode="2" />
		<Option compiler="gcc" />
		<Build>
			<Target title="Debug">
				<Option output="bin/Debug/T200Apps" prefix_auto="1" extension_auto="1" />
				<Option object_output="obj/Debug/" />
				<Option type="1" />
				<Option compiler="gcc" />
				<Compiler>
					<Add option="-g" />
					<Add directory="include/Graphics" />
					<Add directory="include/Tui" />
					<Add directory="include/Test" />
					<Add directory="include" />
					<Add directory="../../../T200Libs/src/T200Libs/include" />
					<Add directory="../../../T200Libs/src/T200Libs/include/String" />
				</Compiler>
			</Target>
			<Target title="Release">
				<Option output="bin/Release/T200Apps" prefix_auto="1" extension_auto="1" />
				<Option object_output="obj/Release/" />
				<Option type="1" />
				<Option compiler="gcc" />
				<Compiler>
					<Add option="-O2" />
					<Add directory="include/Graphics" />
					<Add directory="include/Tui" />
					<Add directory="include/Test" />
					<Add directory="include" />
				</Compiler>
				<Linker>
					<Add option="-s" />
				</Linker>
			</Target>
			<Target title="Lib">
				<Option output="../../../T200Apps" prefix_auto="1" extension_auto="1" />
				<Option working_dir="" />
				<Option type="2" />
				<Option compiler="gcc" />
				<Option createDefFile="1" />
				<Compiler>
					<Add directory="include/Graphics" />
					<Add directory="include/Tui" />
					<Add directory="include/Test" />
					<Add directory="include" />
					<Add directory="../../../T200Libs/src/T200Libs/include" />
					<Add directory="../../../T200Libs/src/T200Libs/include/String" />
					<Add directory="../../../T200Norm/src/T200Norm/include" />
					<Add directory="../../../T200Func/src/T200Func/include" />
				</Compiler>
			</Target>
		</Build>
		<Compiler>
			<Add option="-Wall" />
			<Add option="-fexceptions" />
		</Compiler>
		<Unit filename="include/Graphics/T200AppGraphics.h" />
		<Unit filename="include/T200App.h" />
		<Unit filename="include/T200AppBase.h" />
		<Unit filename="include/Test/T200AppTest.h" />
		<Unit filename="include/Tui/T200AppTui.h" />
		<Unit filename="main.cpp">
			<Option target="Debug" />
			<Option target="Release" />
		</Unit>
		<Unit filename="src/Graphics/T200AppGraphics.cpp" />
		<Unit filename="src/T200App.cpp" />
		<Unit filename="src/T200AppBase.cpp" />
		<Unit filename="src/Test/T200AppTest.cpp" />
		<Unit filename="src/Tui/T200AppTui.cpp" />
		<Extensions>
			<lib_finder disable_auto="1" />
		</Extensions>
	</Project>
</CodeBlocks_project_file>
