<?xml version="1.0" encoding="UTF-8" standalone="yes" ?>
<CodeBlocks_project_file>
	<FileVersion major="1" minor="6" />
	<Project>
		<Option title="T200Libs" />
		<Option pch_mode="2" />
		<Option compiler="gcc" />
		<Build>
			<Target title="Debug">
				<Option output="bin/Debug/T200Libs" prefix_auto="1" extension_auto="1" />
				<Option object_output="obj/Debug/" />
				<Option type="1" />
				<Option compiler="gcc" />
				<Compiler>
					<Add option="-g" />
					<Add directory="include/Graphics" />
					<Add directory="include/Tui" />
					<Add directory="include/Test" />
					<Add directory="include" />
					<Add directory="test/Tui" />
					<Add directory="include/String" />
					<Add directory="include/Hardware" />
				</Compiler>
			</Target>
			<Target title="Release">
				<Option output="bin/Release/T200Libs" prefix_auto="1" extension_auto="1" />
				<Option object_output="obj/Release/" />
				<Option type="1" />
				<Option compiler="gcc" />
				<Compiler>
					<Add option="-O2" />
					<Add directory="include/Graphics" />
					<Add directory="include/Tui" />
					<Add directory="include/Test" />
					<Add directory="include" />
					<Add directory="test/Tui" />
					<Add directory="include/String" />
					<Add directory="include/Hardware" />
				</Compiler>
				<Linker>
					<Add option="-s" />
				</Linker>
			</Target>
			<Target title="Lib">
				<Option output="../../../T200Libs" prefix_auto="1" extension_auto="1" />
				<Option working_dir="" />
				<Option type="2" />
				<Option compiler="gcc" />
				<Option createDefFile="1" />
				<Compiler>
					<Add directory="include/Graphics" />
					<Add directory="include/Tui" />
					<Add directory="include/Test" />
					<Add directory="include" />
					<Add directory="test/Tui" />
					<Add directory="include/String" />
					<Add directory="include/Hardware" />
					<Add directory="../../../T200Func/src/T200Func/include/Win10/Tui" />
					<Add directory="../../../T200Norm/src/T200Norm/include" />
				</Compiler>
			</Target>
		</Build>
		<Compiler>
			<Add option="-Wall" />
			<Add option="-fexceptions" />
		</Compiler>
		<Unit filename="include/Graphics/T200LibGraphics.h" />
		<Unit filename="include/Hardware/T200LibDisplay.h" />
		<Unit filename="include/String/T200String.h" />
		<Unit filename="include/String/T200String32.h" />
		<Unit filename="include/T200Class.h" />
		<Unit filename="include/T200Common.h" />
		<Unit filename="include/Test/T200LibTest.h" />
		<Unit filename="include/Tui/T200LibTui.h" />
		<Unit filename="main.cpp">
			<Option target="Debug" />
			<Option target="Release" />
		</Unit>
		<Unit filename="src/Graphics/T200LibGraphics.cpp" />
		<Unit filename="src/Hardware/T200LibDisplay.cpp" />
		<Unit filename="src/String/T200String.cpp" />
		<Unit filename="src/String/T200String32.cpp" />
		<Unit filename="src/T200Class.cpp" />
		<Unit filename="src/Test/T200LibTest.cpp" />
		<Unit filename="src/Tui/T200LibTui.cpp" />
		<Unit filename="test/Tui/T200LibTuiTest.cpp" />
		<Unit filename="test/Tui/T200LibTuiTest.h" />
		<Extensions>
			<lib_finder disable_auto="1" />
		</Extensions>
	</Project>
</CodeBlocks_project_file>
